
Microsoft Visual Studio Solution File, Format Version 12.00
# Visual Studio Version 17
VisualStudioVersion = 17.8.34330.188
MinimumVisualStudioVersion = 10.0.40219.1
Project("{FAE04EC0-301F-11D3-BF4B-00C04F79EFBC}") = "Aplicacion09", "Aplicacion09.csproj", "{169FE0C0-19BA-46E0-857D-49C07AB9CFCD}"
EndProject
Global
	GlobalSection(SolutionConfigurationPlatforms) = preSolution
		Debug|Any CPU = Debug|Any CPU
		Release|Any CPU = Release|Any CPU
	EndGlobalSection
	GlobalSection(ProjectConfigurationPlatforms) = postSolution
		{169FE0C0-19BA-46E0-857D-49C07AB9CFCD}.Debug|Any CPU.ActiveCfg = Debug|Any CPU
		{169FE0C0-19BA-46E0-857D-49C07AB9CFCD}.Debug|Any CPU.Build.0 = Debug|Any CPU
		{169FE0C0-19BA-46E0-857D-49C07AB9CFCD}.Release|Any CPU.ActiveCfg = Release|Any CPU
		{169FE0C0-19BA-46E0-857D-49C07AB9CFCD}.Release|Any CPU.Build.0 = Release|Any CPU
	EndGlobalSection
	GlobalSection(SolutionProperties) = preSolution
		HideSolutionNode = FALSE
	EndGlobalSection
	GlobalSection(ExtensibilityGlobals) = postSolution
		SolutionGuid = {E01BB3B8-CB91-446F-9424-BAA58AA8CE01}
	EndGlobalSection
EndGlobal
