
Microsoft Visual Studio Solution File, Format Version 12.00
# Visual Studio Version 17
VisualStudioVersion = 17.8.34330.188
MinimumVisualStudioVersion = 10.0.40219.1
Project("{FAE04EC0-301F-11D3-BF4B-00C04F79EFBC}") = "Aplicacion08", "Aplicacion08.csproj", "{33EC2D7A-0BE3-4B64-95CA-D50578B46766}"
EndProject
Global
	GlobalSection(SolutionConfigurationPlatforms) = preSolution
		Debug|Any CPU = Debug|Any CPU
		Release|Any CPU = Release|Any CPU
	EndGlobalSection
	GlobalSection(ProjectConfigurationPlatforms) = postSolution
		{33EC2D7A-0BE3-4B64-95CA-D50578B46766}.Debug|Any CPU.ActiveCfg = Debug|Any CPU
		{33EC2D7A-0BE3-4B64-95CA-D50578B46766}.Debug|Any CPU.Build.0 = Debug|Any CPU
		{33EC2D7A-0BE3-4B64-95CA-D50578B46766}.Release|Any CPU.ActiveCfg = Release|Any CPU
		{33EC2D7A-0BE3-4B64-95CA-D50578B46766}.Release|Any CPU.Build.0 = Release|Any CPU
	EndGlobalSection
	GlobalSection(SolutionProperties) = preSolution
		HideSolutionNode = FALSE
	EndGlobalSection
	GlobalSection(ExtensibilityGlobals) = postSolution
		SolutionGuid = {C86890AA-1F17-4E90-9892-3137C46A64E5}
	EndGlobalSection
EndGlobal
