
Microsoft Visual Studio Solution File, Format Version 12.00
# Visual Studio Version 17
VisualStudioVersion = 17.8.34330.188
MinimumVisualStudioVersion = 10.0.40219.1
Project("{FAE04EC0-301F-11D3-BF4B-00C04F79EFBC}") = "Aplicacion06", "Aplicacion06.csproj", "{211B7920-B72A-4CF3-AA93-25F40BE783BD}"
EndProject
Global
	GlobalSection(SolutionConfigurationPlatforms) = preSolution
		Debug|Any CPU = Debug|Any CPU
		Release|Any CPU = Release|Any CPU
	EndGlobalSection
	GlobalSection(ProjectConfigurationPlatforms) = postSolution
		{211B7920-B72A-4CF3-AA93-25F40BE783BD}.Debug|Any CPU.ActiveCfg = Debug|Any CPU
		{211B7920-B72A-4CF3-AA93-25F40BE783BD}.Debug|Any CPU.Build.0 = Debug|Any CPU
		{211B7920-B72A-4CF3-AA93-25F40BE783BD}.Release|Any CPU.ActiveCfg = Release|Any CPU
		{211B7920-B72A-4CF3-AA93-25F40BE783BD}.Release|Any CPU.Build.0 = Release|Any CPU
	EndGlobalSection
	GlobalSection(SolutionProperties) = preSolution
		HideSolutionNode = FALSE
	EndGlobalSection
	GlobalSection(ExtensibilityGlobals) = postSolution
		SolutionGuid = {A47F864F-C432-4593-A79C-543C47F5DEC1}
	EndGlobalSection
EndGlobal
