
Microsoft Visual Studio Solution File, Format Version 12.00
# Visual Studio Version 17
VisualStudioVersion = 17.8.34330.188
MinimumVisualStudioVersion = 10.0.40219.1
Project("{FAE04EC0-301F-11D3-BF4B-00C04F79EFBC}") = "Aplicacion07", "Aplicacion07.csproj", "{10A0808A-17D3-4685-91C7-3D42818EB9BD}"
EndProject
Global
	GlobalSection(SolutionConfigurationPlatforms) = preSolution
		Debug|Any CPU = Debug|Any CPU
		Release|Any CPU = Release|Any CPU
	EndGlobalSection
	GlobalSection(ProjectConfigurationPlatforms) = postSolution
		{10A0808A-17D3-4685-91C7-3D42818EB9BD}.Debug|Any CPU.ActiveCfg = Debug|Any CPU
		{10A0808A-17D3-4685-91C7-3D42818EB9BD}.Debug|Any CPU.Build.0 = Debug|Any CPU
		{10A0808A-17D3-4685-91C7-3D42818EB9BD}.Release|Any CPU.ActiveCfg = Release|Any CPU
		{10A0808A-17D3-4685-91C7-3D42818EB9BD}.Release|Any CPU.Build.0 = Release|Any CPU
	EndGlobalSection
	GlobalSection(SolutionProperties) = preSolution
		HideSolutionNode = FALSE
	EndGlobalSection
	GlobalSection(ExtensibilityGlobals) = postSolution
		SolutionGuid = {D879BDA4-87F2-463B-ADCC-DA387825AA27}
	EndGlobalSection
EndGlobal
